
Microsoft Visual Studio Solution File, Format Version 12.00
Project("{FAE04EC0-301F-11D3-BF4B-00C04F79EFBC}") = "Day01", "Day01\Day01.csproj", "{8F875BF8-63BC-4909-9450-0CAA6FFE0630}"
EndProject
Project("{FAE04EC0-301F-11D3-BF4B-00C04F79EFBC}") = "Day02", "Day02\Day02.csproj", "{D3898601-B9CA-4353-B46A-504FD68F5041}"
EndProject
Project("{FAE04EC0-301F-11D3-BF4B-00C04F79EFBC}") = "Day03", "Day03\Day03.csproj", "{07417324-D3A9-457D-9F5F-36466785BE0F}"
EndProject
Project("{FAE04EC0-301F-11D3-BF4B-00C04F79EFBC}") = "Day04", "Day04\Day04.csproj", "{DB5349DD-DEA2-41CD-BA72-B0E13D7D314B}"
EndProject
Project("{FAE04EC0-301F-11D3-BF4B-00C04F79EFBC}") = "Day05", "Day05\Day05.csproj", "{940C9063-200E-4950-9D98-417CE70D114A}"
EndProject
Project("{FAE04EC0-301F-11D3-BF4B-00C04F79EFBC}") = "Day06", "Day06\Day06.csproj", "{5ACA2B7B-A7BE-4B52-B263-762D56EFE7C9}"
EndProject
Project("{FAE04EC0-301F-11D3-BF4B-00C04F79EFBC}") = "Day07", "Day07\Day07.csproj", "{0851A1D3-0CF5-466C-A145-4424837C0566}"
EndProject
Project("{FAE04EC0-301F-11D3-BF4B-00C04F79EFBC}") = "Day08", "Day08\Day08.csproj", "{41955D68-21D8-40B4-B5FC-8910CA5A0D75}"
EndProject
Project("{FAE04EC0-301F-11D3-BF4B-00C04F79EFBC}") = "Day7-benching", "Day7-benching\Day7-benching.csproj", "{D0E4447F-B081-4AB0-9E59-71A835CA9CBC}"
EndProject
Project("{FAE04EC0-301F-11D3-BF4B-00C04F79EFBC}") = "Day09", "Day09\Day09.csproj", "{9E5DFCA9-49A3-4162-B0A1-23494BDC15E4}"
EndProject
Project("{FAE04EC0-301F-11D3-BF4B-00C04F79EFBC}") = "Day10", "Day10\Day10.csproj", "{52B280E9-D0E4-4CD6-9523-C986E33844AE}"
EndProject
Project("{FAE04EC0-301F-11D3-BF4B-00C04F79EFBC}") = "Day11", "Day11\Day11.csproj", "{F642B520-824A-4336-AD5A-2A10B67D0E50}"
EndProject
Project("{FAE04EC0-301F-11D3-BF4B-00C04F79EFBC}") = "Day12", "Day12\Day12.csproj", "{C1EA293F-D8E5-4016-90B4-DFD7EC0C0D7A}"
EndProject
Global
	GlobalSection(SolutionConfigurationPlatforms) = preSolution
		Debug|Any CPU = Debug|Any CPU
		Release|Any CPU = Release|Any CPU
	EndGlobalSection
	GlobalSection(ProjectConfigurationPlatforms) = postSolution
		{8F875BF8-63BC-4909-9450-0CAA6FFE0630}.Debug|Any CPU.ActiveCfg = Debug|Any CPU
		{8F875BF8-63BC-4909-9450-0CAA6FFE0630}.Debug|Any CPU.Build.0 = Debug|Any CPU
		{8F875BF8-63BC-4909-9450-0CAA6FFE0630}.Release|Any CPU.ActiveCfg = Release|Any CPU
		{8F875BF8-63BC-4909-9450-0CAA6FFE0630}.Release|Any CPU.Build.0 = Release|Any CPU
		{D3898601-B9CA-4353-B46A-504FD68F5041}.Debug|Any CPU.ActiveCfg = Debug|Any CPU
		{D3898601-B9CA-4353-B46A-504FD68F5041}.Debug|Any CPU.Build.0 = Debug|Any CPU
		{D3898601-B9CA-4353-B46A-504FD68F5041}.Release|Any CPU.ActiveCfg = Release|Any CPU
		{D3898601-B9CA-4353-B46A-504FD68F5041}.Release|Any CPU.Build.0 = Release|Any CPU
		{07417324-D3A9-457D-9F5F-36466785BE0F}.Debug|Any CPU.ActiveCfg = Debug|Any CPU
		{07417324-D3A9-457D-9F5F-36466785BE0F}.Debug|Any CPU.Build.0 = Debug|Any CPU
		{07417324-D3A9-457D-9F5F-36466785BE0F}.Release|Any CPU.ActiveCfg = Release|Any CPU
		{07417324-D3A9-457D-9F5F-36466785BE0F}.Release|Any CPU.Build.0 = Release|Any CPU
		{DB5349DD-DEA2-41CD-BA72-B0E13D7D314B}.Debug|Any CPU.ActiveCfg = Debug|Any CPU
		{DB5349DD-DEA2-41CD-BA72-B0E13D7D314B}.Debug|Any CPU.Build.0 = Debug|Any CPU
		{DB5349DD-DEA2-41CD-BA72-B0E13D7D314B}.Release|Any CPU.ActiveCfg = Release|Any CPU
		{DB5349DD-DEA2-41CD-BA72-B0E13D7D314B}.Release|Any CPU.Build.0 = Release|Any CPU
		{940C9063-200E-4950-9D98-417CE70D114A}.Debug|Any CPU.ActiveCfg = Debug|Any CPU
		{940C9063-200E-4950-9D98-417CE70D114A}.Debug|Any CPU.Build.0 = Debug|Any CPU
		{940C9063-200E-4950-9D98-417CE70D114A}.Release|Any CPU.ActiveCfg = Release|Any CPU
		{940C9063-200E-4950-9D98-417CE70D114A}.Release|Any CPU.Build.0 = Release|Any CPU
		{5ACA2B7B-A7BE-4B52-B263-762D56EFE7C9}.Debug|Any CPU.ActiveCfg = Debug|Any CPU
		{5ACA2B7B-A7BE-4B52-B263-762D56EFE7C9}.Debug|Any CPU.Build.0 = Debug|Any CPU
		{5ACA2B7B-A7BE-4B52-B263-762D56EFE7C9}.Release|Any CPU.ActiveCfg = Release|Any CPU
		{5ACA2B7B-A7BE-4B52-B263-762D56EFE7C9}.Release|Any CPU.Build.0 = Release|Any CPU
		{0851A1D3-0CF5-466C-A145-4424837C0566}.Debug|Any CPU.ActiveCfg = Debug|Any CPU
		{0851A1D3-0CF5-466C-A145-4424837C0566}.Debug|Any CPU.Build.0 = Debug|Any CPU
		{0851A1D3-0CF5-466C-A145-4424837C0566}.Release|Any CPU.ActiveCfg = Release|Any CPU
		{0851A1D3-0CF5-466C-A145-4424837C0566}.Release|Any CPU.Build.0 = Release|Any CPU
		{41955D68-21D8-40B4-B5FC-8910CA5A0D75}.Debug|Any CPU.ActiveCfg = Debug|Any CPU
		{41955D68-21D8-40B4-B5FC-8910CA5A0D75}.Debug|Any CPU.Build.0 = Debug|Any CPU
		{41955D68-21D8-40B4-B5FC-8910CA5A0D75}.Release|Any CPU.ActiveCfg = Release|Any CPU
		{41955D68-21D8-40B4-B5FC-8910CA5A0D75}.Release|Any CPU.Build.0 = Release|Any CPU
		{D0E4447F-B081-4AB0-9E59-71A835CA9CBC}.Debug|Any CPU.ActiveCfg = Debug|Any CPU
		{D0E4447F-B081-4AB0-9E59-71A835CA9CBC}.Debug|Any CPU.Build.0 = Debug|Any CPU
		{D0E4447F-B081-4AB0-9E59-71A835CA9CBC}.Release|Any CPU.ActiveCfg = Release|Any CPU
		{D0E4447F-B081-4AB0-9E59-71A835CA9CBC}.Release|Any CPU.Build.0 = Release|Any CPU
		{9E5DFCA9-49A3-4162-B0A1-23494BDC15E4}.Debug|Any CPU.ActiveCfg = Debug|Any CPU
		{9E5DFCA9-49A3-4162-B0A1-23494BDC15E4}.Debug|Any CPU.Build.0 = Debug|Any CPU
		{9E5DFCA9-49A3-4162-B0A1-23494BDC15E4}.Release|Any CPU.ActiveCfg = Release|Any CPU
		{9E5DFCA9-49A3-4162-B0A1-23494BDC15E4}.Release|Any CPU.Build.0 = Release|Any CPU
		{52B280E9-D0E4-4CD6-9523-C986E33844AE}.Debug|Any CPU.ActiveCfg = Debug|Any CPU
		{52B280E9-D0E4-4CD6-9523-C986E33844AE}.Debug|Any CPU.Build.0 = Debug|Any CPU
		{52B280E9-D0E4-4CD6-9523-C986E33844AE}.Release|Any CPU.ActiveCfg = Release|Any CPU
		{52B280E9-D0E4-4CD6-9523-C986E33844AE}.Release|Any CPU.Build.0 = Release|Any CPU
		{F642B520-824A-4336-AD5A-2A10B67D0E50}.Debug|Any CPU.ActiveCfg = Debug|Any CPU
		{F642B520-824A-4336-AD5A-2A10B67D0E50}.Debug|Any CPU.Build.0 = Debug|Any CPU
		{F642B520-824A-4336-AD5A-2A10B67D0E50}.Release|Any CPU.ActiveCfg = Release|Any CPU
		{F642B520-824A-4336-AD5A-2A10B67D0E50}.Release|Any CPU.Build.0 = Release|Any CPU
		{C1EA293F-D8E5-4016-90B4-DFD7EC0C0D7A}.Debug|Any CPU.ActiveCfg = Debug|Any CPU
		{C1EA293F-D8E5-4016-90B4-DFD7EC0C0D7A}.Debug|Any CPU.Build.0 = Debug|Any CPU
		{C1EA293F-D8E5-4016-90B4-DFD7EC0C0D7A}.Release|Any CPU.ActiveCfg = Release|Any CPU
		{C1EA293F-D8E5-4016-90B4-DFD7EC0C0D7A}.Release|Any CPU.Build.0 = Release|Any CPU
	EndGlobalSection
EndGlobal
